{
  "name": "akunstated",
  "version": "1.0.0",
  "lockfileVersion": 1,
  "requires": true,
  "dependencies": {
    "create-react-context": {
      "version": "0.1.6",
      "resolved": "http://registry.npm.taobao.org/create-react-context/download/create-react-context-0.1.6.tgz",
      "integrity": "sha1-D0JZMdkHdBEnrMbjGstPkBXdn9w="
    },
    "unstated": {
      "version": "2.1.1",
      "resolved": "http://registry.npm.taobao.org/unstated/download/unstated-2.1.1.tgz",
      "integrity": "sha1-NrEk37LnoS050LucRt+25RJ246I=",
      "requires": {
        "create-react-context": "^0.1.5"
      }
    }
  }
}
